// !$*UTF8*$!
{
	archiveVersion = 1;
	classes = {
	};
	objectVersion = 52;
	objects = {

/* Begin PBXBuildFile section */
		023ED6EC8024075FF003F55A /* (null) in Frameworks */ = {isa = PBXBuildFile; };
		183990110707A291268AC5C9 /* libPods-IconGeekTests.a in Frameworks */ = {isa = PBXBuildFile; fileRef = 54DF2DB5694F7D965A0F8F3D /* libPods-IconGeekTests.a */; };
		56B3FCB09BEEF4862B6F05F8 /* libPods-IconGeek.a in Frameworks */ = {isa = PBXBuildFile; fileRef = 995433D291668EF860D06313 /* libPods-IconGeek.a */; };
		CD308BB22551D3FC00F361CD /* CustomizeView.swift in Sources */ = {isa = PBXBuildFile; fileRef = CD308BB12551D3FC00F361CD /* CustomizeView.swift */; };
		CD47CEC825561E920059BA95 /* AppModel+Templates.swift in Sources */ = {isa = PBXBuildFile; fileRef = CD9785CF25540E37005D879B /* AppModel+Templates.swift */; };
		CD69E06F254C322400FD8C8C /* PartialSheet in Frameworks */ = {isa = PBXBuildFile; productRef = CD69E06E254C322400FD8C8C /* PartialSheet */; };
		CD69E07B254CBE5400FD8C8C /* OptionsView.swift in Sources */ = {isa = PBXBuildFile; fileRef = CD69E07A254CBE5400FD8C8C /* OptionsView.swift */; };
		CD7C0EEC25435FF600CB62DC /* IconGeekApp.swift in Sources */ = {isa = PBXBuildFile; fileRef = CD7C0EEB25435FF600CB62DC /* IconGeekApp.swift */; };
		CD7C0EEE25435FF600CB62DC /* ContentView.swift in Sources */ = {isa = PBXBuildFile; fileRef = CD7C0EED25435FF600CB62DC /* ContentView.swift */; };
		CD7C0EF025435FF700CB62DC /* Assets.xcassets in Resources */ = {isa = PBXBuildFile; fileRef = CD7C0EEF25435FF700CB62DC /* Assets.xcassets */; };
		CD7C0EF325435FF700CB62DC /* Preview Assets.xcassets in Resources */ = {isa = PBXBuildFile; fileRef = CD7C0EF225435FF700CB62DC /* Preview Assets.xcassets */; };
		CD7C0EFE25435FF700CB62DC /* IconGeekTests.swift in Sources */ = {isa = PBXBuildFile; fileRef = CD7C0EFD25435FF700CB62DC /* IconGeekTests.swift */; };
		CD7C0F0925435FF700CB62DC /* IconGeekUITests.swift in Sources */ = {isa = PBXBuildFile; fileRef = CD7C0F0825435FF700CB62DC /* IconGeekUITests.swift */; };
		CD7C0F202544995F00CB62DC /* DetailView.swift in Sources */ = {isa = PBXBuildFile; fileRef = CD7C0F1F2544995F00CB62DC /* DetailView.swift */; };
		CD7C0F29254499C600CB62DC /* IconSetView.swift in Sources */ = {isa = PBXBuildFile; fileRef = CD7C0F28254499C600CB62DC /* IconSetView.swift */; };
		CD7C0F2E25449A7E00CB62DC /* IconSetNameView.swift in Sources */ = {isa = PBXBuildFile; fileRef = CD7C0F2D25449A7E00CB62DC /* IconSetNameView.swift */; };
		CD7C0F3525449AF500CB62DC /* IconView.swift in Sources */ = {isa = PBXBuildFile; fileRef = CD7C0F3425449AF500CB62DC /* IconView.swift */; };
		CD7C0F3D25449B4200CB62DC /* AppAppearance.swift in Sources */ = {isa = PBXBuildFile; fileRef = CD7C0F3C25449B4200CB62DC /* AppAppearance.swift */; };
		CD7C0F4325461C4600CB62DC /* Icon.swift in Sources */ = {isa = PBXBuildFile; fileRef = CD7C0F4225461C4600CB62DC /* Icon.swift */; };
		CD7C0F4B25461E4900CB62DC /* Icon+SwiftUI.swift in Sources */ = {isa = PBXBuildFile; fileRef = CD7C0F4A25461E4900CB62DC /* Icon+SwiftUI.swift */; };
		CD7C0F512546C16700CB62DC /* IconSet.swift in Sources */ = {isa = PBXBuildFile; fileRef = CD7C0F502546C16700CB62DC /* IconSet.swift */; };
		CD7C0F81254719E200CB62DC /* AppModel.swift in Sources */ = {isa = PBXBuildFile; fileRef = CD7C0F80254719E200CB62DC /* AppModel.swift */; };
		CD7C0F8925471D0D00CB62DC /* AppModel+MobileConfig.swift in Sources */ = {isa = PBXBuildFile; fileRef = CD7C0F8825471D0D00CB62DC /* AppModel+MobileConfig.swift */; };
		CD7C0F9F25472F3900CB62DC /* AppNotifications.swift in Sources */ = {isa = PBXBuildFile; fileRef = CD7C0F9E25472F3900CB62DC /* AppNotifications.swift */; };
		CD7C0FA4254737AF00CB62DC /* DownloadConfigView.swift in Sources */ = {isa = PBXBuildFile; fileRef = CD7C0FA3254737AF00CB62DC /* DownloadConfigView.swift */; };
		CD7C0FCA254820D200CB62DC /* VisualEffectBlur.swift in Sources */ = {isa = PBXBuildFile; fileRef = CD7C0FC9254820D200CB62DC /* VisualEffectBlur.swift */; };
		CD7C0FD2254823D500CB62DC /* IconSetTests.swift in Sources */ = {isa = PBXBuildFile; fileRef = CD7C0FD1254823D500CB62DC /* IconSetTests.swift */; };
		CD7C0FD7254823E500CB62DC /* IconTests.swift in Sources */ = {isa = PBXBuildFile; fileRef = CD7C0FD6254823E500CB62DC /* IconTests.swift */; };
		CD8A7E982548A5400042FC6E /* AppConfig.swift in Sources */ = {isa = PBXBuildFile; fileRef = CD8A7E972548A5400042FC6E /* AppConfig.swift */; };
		CD8A7EA02548A59D0042FC6E /* AppConfigTests.swift in Sources */ = {isa = PBXBuildFile; fileRef = CD8A7E9F2548A59D0042FC6E /* AppConfigTests.swift */; };
		CD8A7EB42548BBF00042FC6E /* AppList.swift in Sources */ = {isa = PBXBuildFile; fileRef = CD8A7EB32548BBF00042FC6E /* AppList.swift */; };
		CD8A7EC325499EA70042FC6E /* UIImage+Extension.swift in Sources */ = {isa = PBXBuildFile; fileRef = CD8A7EC225499EA70042FC6E /* UIImage+Extension.swift */; };
		CD8D01BB2549E8D100D47459 /* AppModelTests.swift in Sources */ = {isa = PBXBuildFile; fileRef = CD8D01BA2549E8D100D47459 /* AppModelTests.swift */; };
		CD8D01CE254A06E000D47459 /* AppListTests.swift in Sources */ = {isa = PBXBuildFile; fileRef = CD8D01CD254A06E000D47459 /* AppListTests.swift */; };
		CD8D01D5254A079E00D47459 /* AppList.swift in Sources */ = {isa = PBXBuildFile; fileRef = CD8A7EB32548BBF00042FC6E /* AppList.swift */; };
		CD8D026A254A348400D47459 /* StoreKit.framework in Frameworks */ = {isa = PBXBuildFile; fileRef = CD8D0269254A348400D47459 /* StoreKit.framework */; };
		CD8D026F254A3B7900D47459 /* Store.swift in Sources */ = {isa = PBXBuildFile; fileRef = CD8D026E254A3B7900D47459 /* Store.swift */; };
		CD8D0277254ABE5200D47459 /* String+Extension.swift in Sources */ = {isa = PBXBuildFile; fileRef = CD8D0276254ABE5200D47459 /* String+Extension.swift */; };
		CD8D027F254AFE7400D47459 /* UnlockButton.swift in Sources */ = {isa = PBXBuildFile; fileRef = CD8D027E254AFE7400D47459 /* UnlockButton.swift */; };
		CD8D0288254B007F00D47459 /* SquishableButtonStyle.swift in Sources */ = {isa = PBXBuildFile; fileRef = CD8D0287254B007F00D47459 /* SquishableButtonStyle.swift */; };
		CD8D029A254B1A8300D47459 /* IconSet.swift in Sources */ = {isa = PBXBuildFile; fileRef = CD7C0F502546C16700CB62DC /* IconSet.swift */; };
		CD8D029E254B1AA500D47459 /* AppAppearance.swift in Sources */ = {isa = PBXBuildFile; fileRef = CD7C0F3C25449B4200CB62DC /* AppAppearance.swift */; };
		CD8D02A2254B1AAD00D47459 /* Icon.swift in Sources */ = {isa = PBXBuildFile; fileRef = CD7C0F4225461C4600CB62DC /* Icon.swift */; };
		CD8D02A6254B1AC100D47459 /* Icon+SwiftUI.swift in Sources */ = {isa = PBXBuildFile; fileRef = CD7C0F4A25461E4900CB62DC /* Icon+SwiftUI.swift */; };
		CD8D02AA254B1AEC00D47459 /* Store.swift in Sources */ = {isa = PBXBuildFile; fileRef = CD8D026E254A3B7900D47459 /* Store.swift */; };
		CD8D02DE254B9A2C00D47459 /* SettingsForm.swift in Sources */ = {isa = PBXBuildFile; fileRef = CD8D02DD254B9A2C00D47459 /* SettingsForm.swift */; };
		CD9104C8254DBD11006CAA98 /* AppModel.swift in Sources */ = {isa = PBXBuildFile; fileRef = CD7C0F80254719E200CB62DC /* AppModel.swift */; };
		CD9104CC254DBD25006CAA98 /* AppModel+MobileConfig.swift in Sources */ = {isa = PBXBuildFile; fileRef = CD7C0F8825471D0D00CB62DC /* AppModel+MobileConfig.swift */; };
		CD9104D0254DBD34006CAA98 /* AppConfig.swift in Sources */ = {isa = PBXBuildFile; fileRef = CD8A7E972548A5400042FC6E /* AppConfig.swift */; };
		CD9104D4254DBD49006CAA98 /* AppNotifications.swift in Sources */ = {isa = PBXBuildFile; fileRef = CD7C0F9E25472F3900CB62DC /* AppNotifications.swift */; };
		CD97858E2552F6BF005D879B /* HelpView.swift in Sources */ = {isa = PBXBuildFile; fileRef = CD97858D2552F6BF005D879B /* HelpView.swift */; };
		CD97859825534E3E005D879B /* UnlockPanel.swift in Sources */ = {isa = PBXBuildFile; fileRef = CD97859725534E3E005D879B /* UnlockPanel.swift */; };
		CD9785D025540E37005D879B /* AppModel+Templates.swift in Sources */ = {isa = PBXBuildFile; fileRef = CD9785CF25540E37005D879B /* AppModel+Templates.swift */; };
		CD9785DB2554C642005D879B /* SafariView.swift in Sources */ = {isa = PBXBuildFile; fileRef = CD9785DA2554C642005D879B /* SafariView.swift */; };
		CD9785E32554C918005D879B /* SafariBrowserView.swift in Sources */ = {isa = PBXBuildFile; fileRef = CD9785E22554C918005D879B /* SafariBrowserView.swift */; };
/* End PBXBuildFile section */

/* Begin PBXContainerItemProxy section */
		CD7C0EFA25435FF700CB62DC /* PBXContainerItemProxy */ = {
			isa = PBXContainerItemProxy;
			containerPortal = CD7C0EE025435FF600CB62DC /* Project object */;
			proxyType = 1;
			remoteGlobalIDString = CD7C0EE725435FF600CB62DC;
			remoteInfo = IconGeek;
		};
		CD7C0F0525435FF700CB62DC /* PBXContainerItemProxy */ = {
			isa = PBXContainerItemProxy;
			containerPortal = CD7C0EE025435FF600CB62DC /* Project object */;
			proxyType = 1;
			remoteGlobalIDString = CD7C0EE725435FF600CB62DC;
			remoteInfo = IconGeek;
		};
/* End PBXContainerItemProxy section */

/* Begin PBXFileReference section */
		1E525A8650D4A29BE52997AA /* Pods-IconGeekTests.release.xcconfig */ = {isa = PBXFileReference; includeInIndex = 1; lastKnownFileType = text.xcconfig; name = "Pods-IconGeekTests.release.xcconfig"; path = "Target Support Files/Pods-IconGeekTests/Pods-IconGeekTests.release.xcconfig"; sourceTree = "<group>"; };
		20EB9E78A08CEB30F635C244 /* Pods-IconGeek.debug.xcconfig */ = {isa = PBXFileReference; includeInIndex = 1; lastKnownFileType = text.xcconfig; name = "Pods-IconGeek.debug.xcconfig"; path = "Target Support Files/Pods-IconGeek/Pods-IconGeek.debug.xcconfig"; sourceTree = "<group>"; };
		54DF2DB5694F7D965A0F8F3D /* libPods-IconGeekTests.a */ = {isa = PBXFileReference; explicitFileType = archive.ar; includeInIndex = 0; path = "libPods-IconGeekTests.a"; sourceTree = BUILT_PRODUCTS_DIR; };
		64D9C242C61AF30C7A7C4B62 /* Pods-IconGeek.release.xcconfig */ = {isa = PBXFileReference; includeInIndex = 1; lastKnownFileType = text.xcconfig; name = "Pods-IconGeek.release.xcconfig"; path = "Target Support Files/Pods-IconGeek/Pods-IconGeek.release.xcconfig"; sourceTree = "<group>"; };
		7A967909B7C9EF63A8D2ECC0 /* Pods-IconGeekTests.debug.xcconfig */ = {isa = PBXFileReference; includeInIndex = 1; lastKnownFileType = text.xcconfig; name = "Pods-IconGeekTests.debug.xcconfig"; path = "Target Support Files/Pods-IconGeekTests/Pods-IconGeekTests.debug.xcconfig"; sourceTree = "<group>"; };
		995433D291668EF860D06313 /* libPods-IconGeek.a */ = {isa = PBXFileReference; explicitFileType = archive.ar; includeInIndex = 0; path = "libPods-IconGeek.a"; sourceTree = BUILT_PRODUCTS_DIR; };
		CD308BB12551D3FC00F361CD /* CustomizeView.swift */ = {isa = PBXFileReference; lastKnownFileType = sourcecode.swift; path = CustomizeView.swift; sourceTree = "<group>"; };
		CD69E07A254CBE5400FD8C8C /* OptionsView.swift */ = {isa = PBXFileReference; lastKnownFileType = sourcecode.swift; path = OptionsView.swift; sourceTree = "<group>"; };
		CD7C0EE825435FF600CB62DC /* IconGeek.app */ = {isa = PBXFileReference; explicitFileType = wrapper.application; includeInIndex = 0; path = IconGeek.app; sourceTree = BUILT_PRODUCTS_DIR; };
		CD7C0EEB25435FF600CB62DC /* IconGeekApp.swift */ = {isa = PBXFileReference; lastKnownFileType = sourcecode.swift; path = IconGeekApp.swift; sourceTree = "<group>"; };
		CD7C0EED25435FF600CB62DC /* ContentView.swift */ = {isa = PBXFileReference; lastKnownFileType = sourcecode.swift; path = ContentView.swift; sourceTree = "<group>"; };
		CD7C0EEF25435FF700CB62DC /* Assets.xcassets */ = {isa = PBXFileReference; lastKnownFileType = folder.assetcatalog; path = Assets.xcassets; sourceTree = "<group>"; };
		CD7C0EF225435FF700CB62DC /* Preview Assets.xcassets */ = {isa = PBXFileReference; lastKnownFileType = folder.assetcatalog; path = "Preview Assets.xcassets"; sourceTree = "<group>"; };
		CD7C0EF425435FF700CB62DC /* Info.plist */ = {isa = PBXFileReference; lastKnownFileType = text.plist.xml; path = Info.plist; sourceTree = "<group>"; };
		CD7C0EF925435FF700CB62DC /* IconGeekTests.xctest */ = {isa = PBXFileReference; explicitFileType = wrapper.cfbundle; includeInIndex = 0; path = IconGeekTests.xctest; sourceTree = BUILT_PRODUCTS_DIR; };
		CD7C0EFD25435FF700CB62DC /* IconGeekTests.swift */ = {isa = PBXFileReference; lastKnownFileType = sourcecode.swift; path = IconGeekTests.swift; sourceTree = "<group>"; };
		CD7C0EFF25435FF700CB62DC /* Info.plist */ = {isa = PBXFileReference; lastKnownFileType = text.plist.xml; path = Info.plist; sourceTree = "<group>"; };
		CD7C0F0425435FF700CB62DC /* IconGeekUITests.xctest */ = {isa = PBXFileReference; explicitFileType = wrapper.cfbundle; includeInIndex = 0; path = IconGeekUITests.xctest; sourceTree = BUILT_PRODUCTS_DIR; };
		CD7C0F0825435FF700CB62DC /* IconGeekUITests.swift */ = {isa = PBXFileReference; lastKnownFileType = sourcecode.swift; path = IconGeekUITests.swift; sourceTree = "<group>"; };
		CD7C0F0A25435FF700CB62DC /* Info.plist */ = {isa = PBXFileReference; lastKnownFileType = text.plist.xml; path = Info.plist; sourceTree = "<group>"; };
		CD7C0F1F2544995F00CB62DC /* DetailView.swift */ = {isa = PBXFileReference; lastKnownFileType = sourcecode.swift; path = DetailView.swift; sourceTree = "<group>"; };
		CD7C0F28254499C600CB62DC /* IconSetView.swift */ = {isa = PBXFileReference; lastKnownFileType = sourcecode.swift; path = IconSetView.swift; sourceTree = "<group>"; };
		CD7C0F2D25449A7E00CB62DC /* IconSetNameView.swift */ = {isa = PBXFileReference; lastKnownFileType = sourcecode.swift; path = IconSetNameView.swift; sourceTree = "<group>"; };
		CD7C0F3425449AF500CB62DC /* IconView.swift */ = {isa = PBXFileReference; lastKnownFileType = sourcecode.swift; path = IconView.swift; sourceTree = "<group>"; };
		CD7C0F3C25449B4200CB62DC /* AppAppearance.swift */ = {isa = PBXFileReference; lastKnownFileType = sourcecode.swift; path = AppAppearance.swift; sourceTree = "<group>"; };
		CD7C0F4225461C4600CB62DC /* Icon.swift */ = {isa = PBXFileReference; lastKnownFileType = sourcecode.swift; path = Icon.swift; sourceTree = "<group>"; };
		CD7C0F4A25461E4900CB62DC /* Icon+SwiftUI.swift */ = {isa = PBXFileReference; lastKnownFileType = sourcecode.swift; path = "Icon+SwiftUI.swift"; sourceTree = "<group>"; };
		CD7C0F502546C16700CB62DC /* IconSet.swift */ = {isa = PBXFileReference; lastKnownFileType = sourcecode.swift; path = IconSet.swift; sourceTree = "<group>"; };
		CD7C0F80254719E200CB62DC /* AppModel.swift */ = {isa = PBXFileReference; lastKnownFileType = sourcecode.swift; path = AppModel.swift; sourceTree = "<group>"; };
		CD7C0F8825471D0D00CB62DC /* AppModel+MobileConfig.swift */ = {isa = PBXFileReference; lastKnownFileType = sourcecode.swift; path = "AppModel+MobileConfig.swift"; sourceTree = "<group>"; };
		CD7C0F9E25472F3900CB62DC /* AppNotifications.swift */ = {isa = PBXFileReference; lastKnownFileType = sourcecode.swift; path = AppNotifications.swift; sourceTree = "<group>"; };
		CD7C0FA3254737AF00CB62DC /* DownloadConfigView.swift */ = {isa = PBXFileReference; lastKnownFileType = sourcecode.swift; path = DownloadConfigView.swift; sourceTree = "<group>"; };
		CD7C0FC9254820D200CB62DC /* VisualEffectBlur.swift */ = {isa = PBXFileReference; fileEncoding = 4; lastKnownFileType = sourcecode.swift; path = VisualEffectBlur.swift; sourceTree = "<group>"; };
		CD7C0FD1254823D500CB62DC /* IconSetTests.swift */ = {isa = PBXFileReference; lastKnownFileType = sourcecode.swift; path = IconSetTests.swift; sourceTree = "<group>"; };
		CD7C0FD6254823E500CB62DC /* IconTests.swift */ = {isa = PBXFileReference; lastKnownFileType = sourcecode.swift; path = IconTests.swift; sourceTree = "<group>"; };
		CD8A7E972548A5400042FC6E /* AppConfig.swift */ = {isa = PBXFileReference; lastKnownFileType = sourcecode.swift; path = AppConfig.swift; sourceTree = "<group>"; };
		CD8A7E9F2548A59D0042FC6E /* AppConfigTests.swift */ = {isa = PBXFileReference; lastKnownFileType = sourcecode.swift; path = AppConfigTests.swift; sourceTree = "<group>"; };
		CD8A7EB32548BBF00042FC6E /* AppList.swift */ = {isa = PBXFileReference; lastKnownFileType = sourcecode.swift; path = AppList.swift; sourceTree = "<group>"; };
		CD8A7EC225499EA70042FC6E /* UIImage+Extension.swift */ = {isa = PBXFileReference; lastKnownFileType = sourcecode.swift; path = "UIImage+Extension.swift"; sourceTree = "<group>"; };
		CD8D01BA2549E8D100D47459 /* AppModelTests.swift */ = {isa = PBXFileReference; lastKnownFileType = sourcecode.swift; path = AppModelTests.swift; sourceTree = "<group>"; };
		CD8D01C22549E8E100D47459 /* Snippets.swift */ = {isa = PBXFileReference; lastKnownFileType = sourcecode.swift; path = Snippets.swift; sourceTree = "<group>"; };
		CD8D01CD254A06E000D47459 /* AppListTests.swift */ = {isa = PBXFileReference; lastKnownFileType = sourcecode.swift; path = AppListTests.swift; sourceTree = "<group>"; };
		CD8D0269254A348400D47459 /* StoreKit.framework */ = {isa = PBXFileReference; lastKnownFileType = wrapper.framework; name = StoreKit.framework; path = System/Library/Frameworks/StoreKit.framework; sourceTree = SDKROOT; };
		CD8D026E254A3B7900D47459 /* Store.swift */ = {isa = PBXFileReference; lastKnownFileType = sourcecode.swift; path = Store.swift; sourceTree = "<group>"; };
		CD8D0276254ABE5200D47459 /* String+Extension.swift */ = {isa = PBXFileReference; lastKnownFileType = sourcecode.swift; path = "String+Extension.swift"; sourceTree = "<group>"; };
		CD8D027E254AFE7400D47459 /* UnlockButton.swift */ = {isa = PBXFileReference; lastKnownFileType = sourcecode.swift; path = UnlockButton.swift; sourceTree = "<group>"; };
		CD8D0287254B007F00D47459 /* SquishableButtonStyle.swift */ = {isa = PBXFileReference; lastKnownFileType = sourcecode.swift; path = SquishableButtonStyle.swift; sourceTree = "<group>"; };
		CD8D0292254B048500D47459 /* Configuration.storekit */ = {isa = PBXFileReference; lastKnownFileType = text; path = Configuration.storekit; sourceTree = "<group>"; };
		CD8D02DD254B9A2C00D47459 /* SettingsForm.swift */ = {isa = PBXFileReference; lastKnownFileType = sourcecode.swift; path = SettingsForm.swift; sourceTree = "<group>"; };
		CD97858D2552F6BF005D879B /* HelpView.swift */ = {isa = PBXFileReference; lastKnownFileType = sourcecode.swift; path = HelpView.swift; sourceTree = "<group>"; };
		CD97859725534E3E005D879B /* UnlockPanel.swift */ = {isa = PBXFileReference; lastKnownFileType = sourcecode.swift; path = UnlockPanel.swift; sourceTree = "<group>"; };
		CD9785CF25540E37005D879B /* AppModel+Templates.swift */ = {isa = PBXFileReference; lastKnownFileType = sourcecode.swift; path = "AppModel+Templates.swift"; sourceTree = "<group>"; };
		CD9785DA2554C642005D879B /* SafariView.swift */ = {isa = PBXFileReference; lastKnownFileType = sourcecode.swift; path = SafariView.swift; sourceTree = "<group>"; };
		CD9785E22554C918005D879B /* SafariBrowserView.swift */ = {isa = PBXFileReference; lastKnownFileType = sourcecode.swift; path = SafariBrowserView.swift; sourceTree = "<group>"; };
/* End PBXFileReference section */

/* Begin PBXFrameworksBuildPhase section */
		CD7C0EE525435FF600CB62DC /* Frameworks */ = {
			isa = PBXFrameworksBuildPhase;
			buildActionMask = 2147483647;
			files = (
				CD8D026A254A348400D47459 /* StoreKit.framework in Frameworks */,
				023ED6EC8024075FF003F55A /* (null) in Frameworks */,
				CD69E06F254C322400FD8C8C /* PartialSheet in Frameworks */,
				56B3FCB09BEEF4862B6F05F8 /* libPods-IconGeek.a in Frameworks */,
			);
			runOnlyForDeploymentPostprocessing = 0;
		};
		CD7C0EF625435FF700CB62DC /* Frameworks */ = {
			isa = PBXFrameworksBuildPhase;
			buildActionMask = 2147483647;
			files = (
				183990110707A291268AC5C9 /* libPods-IconGeekTests.a in Frameworks */,
			);
			runOnlyForDeploymentPostprocessing = 0;
		};
		CD7C0F0125435FF700CB62DC /* Frameworks */ = {
			isa = PBXFrameworksBuildPhase;
			buildActionMask = 2147483647;
			files = (
			);
			runOnlyForDeploymentPostprocessing = 0;
		};
/* End PBXFrameworksBuildPhase section */

/* Begin PBXGroup section */
		180E17B9D7435FF8866A5F55 /* Frameworks */ = {
			isa = PBXGroup;
			children = (
				CD8D0269254A348400D47459 /* StoreKit.framework */,
				54DF2DB5694F7D965A0F8F3D /* libPods-IconGeekTests.a */,
				995433D291668EF860D06313 /* libPods-IconGeek.a */,
			);
			name = Frameworks;
			sourceTree = "<group>";
		};
		7409EBEB96135439BB4F84E1 /* Pods */ = {
			isa = PBXGroup;
			children = (
				20EB9E78A08CEB30F635C244 /* Pods-IconGeek.debug.xcconfig */,
				64D9C242C61AF30C7A7C4B62 /* Pods-IconGeek.release.xcconfig */,
				7A967909B7C9EF63A8D2ECC0 /* Pods-IconGeekTests.debug.xcconfig */,
				1E525A8650D4A29BE52997AA /* Pods-IconGeekTests.release.xcconfig */,
			);
			path = Pods;
			sourceTree = "<group>";
		};
		CD7C0EDF25435FF600CB62DC = {
			isa = PBXGroup;
			children = (
				CD7C0EEA25435FF600CB62DC /* IconGeek */,
				CD7C0EFC25435FF700CB62DC /* IconGeekTests */,
				CD7C0F0725435FF700CB62DC /* IconGeekUITests */,
				CD7C0EE925435FF600CB62DC /* Products */,
				7409EBEB96135439BB4F84E1 /* Pods */,
				180E17B9D7435FF8866A5F55 /* Frameworks */,
			);
			sourceTree = "<group>";
		};
		CD7C0EE925435FF600CB62DC /* Products */ = {
			isa = PBXGroup;
			children = (
				CD7C0EE825435FF600CB62DC /* IconGeek.app */,
				CD7C0EF925435FF700CB62DC /* IconGeekTests.xctest */,
				CD7C0F0425435FF700CB62DC /* IconGeekUITests.xctest */,
			);
			name = Products;
			sourceTree = "<group>";
		};
		CD7C0EEA25435FF600CB62DC /* IconGeek */ = {
			isa = PBXGroup;
			children = (
				CD7C0EEB25435FF600CB62DC /* IconGeekApp.swift */,
				CD7C0F3225449AB600CB62DC /* App Support */,
				CD7C0F7F254719C300CB62DC /* Model */,
				CD7C0F242544996600CB62DC /* Views */,
				CD8D0286254B006A00D47459 /* Styles */,
				CD8A7EBC254986880042FC6E /* Lists */,
				CD7C0F4125461C2800CB62DC /* Icon */,
				CD7C0F4F2546C14000CB62DC /* Icon Set */,
				CD7C0EEF25435FF700CB62DC /* Assets.xcassets */,
				CD7C0EF425435FF700CB62DC /* Info.plist */,
				CD7C0EF125435FF700CB62DC /* Preview Content */,
			);
			path = IconGeek;
			sourceTree = "<group>";
		};
		CD7C0EF125435FF700CB62DC /* Preview Content */ = {
			isa = PBXGroup;
			children = (
				CD7C0EF225435FF700CB62DC /* Preview Assets.xcassets */,
			);
			path = "Preview Content";
			sourceTree = "<group>";
		};
		CD7C0EFC25435FF700CB62DC /* IconGeekTests */ = {
			isa = PBXGroup;
			children = (
				CD7C0EFD25435FF700CB62DC /* IconGeekTests.swift */,
				CD7C0EFF25435FF700CB62DC /* Info.plist */,
				CD8D01CD254A06E000D47459 /* AppListTests.swift */,
				CD8D01BA2549E8D100D47459 /* AppModelTests.swift */,
				CD8A7E9F2548A59D0042FC6E /* AppConfigTests.swift */,
				CD7C0FD6254823E500CB62DC /* IconTests.swift */,
				CD7C0FD1254823D500CB62DC /* IconSetTests.swift */,
				CD8D01C22549E8E100D47459 /* Snippets.swift */,
			);
			path = IconGeekTests;
			sourceTree = "<group>";
		};
		CD7C0F0725435FF700CB62DC /* IconGeekUITests */ = {
			isa = PBXGroup;
			children = (
				CD7C0F0825435FF700CB62DC /* IconGeekUITests.swift */,
				CD7C0F0A25435FF700CB62DC /* Info.plist */,
			);
			path = IconGeekUITests;
			sourceTree = "<group>";
		};
		CD7C0F242544996600CB62DC /* Views */ = {
			isa = PBXGroup;
			children = (
				CD7C0EED25435FF600CB62DC /* ContentView.swift */,
				CD97859625534DD8005D879B /* Product View */,
				CD308BB12551D3FC00F361CD /* CustomizeView.swift */,
				CD97858D2552F6BF005D879B /* HelpView.swift */,
				CD69E07A254CBE5400FD8C8C /* OptionsView.swift */,
				CD7C0FA3254737AF00CB62DC /* DownloadConfigView.swift */,
				CD9785E22554C918005D879B /* SafariBrowserView.swift */,
				CD8D02DD254B9A2C00D47459 /* SettingsForm.swift */,
			);
			path = Views;
			sourceTree = "<group>";
		};
		CD7C0F3225449AB600CB62DC /* App Support */ = {
			isa = PBXGroup;
			children = (
				CD7C0F3C25449B4200CB62DC /* AppAppearance.swift */,
				CD8A7E972548A5400042FC6E /* AppConfig.swift */,
				CD7C0F9E25472F3900CB62DC /* AppNotifications.swift */,
				CD7C0FC9254820D200CB62DC /* VisualEffectBlur.swift */,
				CD9785DA2554C642005D879B /* SafariView.swift */,
				CD8D0276254ABE5200D47459 /* String+Extension.swift */,
				CD8A7EC225499EA70042FC6E /* UIImage+Extension.swift */,
				CD8D0292254B048500D47459 /* Configuration.storekit */,
			);
			path = "App Support";
			sourceTree = "<group>";
		};
		CD7C0F4125461C2800CB62DC /* Icon */ = {
			isa = PBXGroup;
			children = (
				CD7C0F4225461C4600CB62DC /* Icon.swift */,
				CD7C0F4A25461E4900CB62DC /* Icon+SwiftUI.swift */,
				CD7C0F3425449AF500CB62DC /* IconView.swift */,
			);
			path = Icon;
			sourceTree = "<group>";
		};
		CD7C0F4F2546C14000CB62DC /* Icon Set */ = {
			isa = PBXGroup;
			children = (
				CD7C0F502546C16700CB62DC /* IconSet.swift */,
				CD7C0F28254499C600CB62DC /* IconSetView.swift */,
				CD7C0F2D25449A7E00CB62DC /* IconSetNameView.swift */,
			);
			path = "Icon Set";
			sourceTree = "<group>";
		};
		CD7C0F7F254719C300CB62DC /* Model */ = {
			isa = PBXGroup;
			children = (
				CD7C0F80254719E200CB62DC /* AppModel.swift */,
				CD7C0F8825471D0D00CB62DC /* AppModel+MobileConfig.swift */,
				CD9785CF25540E37005D879B /* AppModel+Templates.swift */,
				CD8D026E254A3B7900D47459 /* Store.swift */,
			);
			path = Model;
			sourceTree = "<group>";
		};
		CD8A7EBC254986880042FC6E /* Lists */ = {
			isa = PBXGroup;
			children = (
				CD8A7EB32548BBF00042FC6E /* AppList.swift */,
			);
			path = Lists;
			sourceTree = "<group>";
		};
		CD8D0286254B006A00D47459 /* Styles */ = {
			isa = PBXGroup;
			children = (
				CD8D0287254B007F00D47459 /* SquishableButtonStyle.swift */,
			);
			path = Styles;
			sourceTree = "<group>";
		};
		CD97859625534DD8005D879B /* Product View */ = {
			isa = PBXGroup;
			children = (
				CD7C0F1F2544995F00CB62DC /* DetailView.swift */,
				CD97859725534E3E005D879B /* UnlockPanel.swift */,
				CD8D027E254AFE7400D47459 /* UnlockButton.swift */,
			);
			name = "Product View";
			sourceTree = "<group>";
		};
/* End PBXGroup section */

/* Begin PBXNativeTarget section */
		CD7C0EE725435FF600CB62DC /* IconGeek */ = {
			isa = PBXNativeTarget;
			buildConfigurationList = CD7C0F0D25435FF700CB62DC /* Build configuration list for PBXNativeTarget "IconGeek" */;
			buildPhases = (
				1323412BE22E7A27B11A0E71 /* [CP] Check Pods Manifest.lock */,
				CD7C0EE425435FF600CB62DC /* Sources */,
				CD7C0EE525435FF600CB62DC /* Frameworks */,
				CD7C0EE625435FF600CB62DC /* Resources */,
			);
			buildRules = (
			);
			dependencies = (
			);
			name = IconGeek;
			packageProductDependencies = (
				CD69E06E254C322400FD8C8C /* PartialSheet */,
			);
			productName = IconGeek;
			productReference = CD7C0EE825435FF600CB62DC /* IconGeek.app */;
			productType = "com.apple.product-type.application";
		};
		CD7C0EF825435FF700CB62DC /* IconGeekTests */ = {
			isa = PBXNativeTarget;
			buildConfigurationList = CD7C0F1025435FF700CB62DC /* Build configuration list for PBXNativeTarget "IconGeekTests" */;
			buildPhases = (
				BCE3DAA9F52EE66CA9B73210 /* [CP] Check Pods Manifest.lock */,
				CD7C0EF525435FF700CB62DC /* Sources */,
				CD7C0EF625435FF700CB62DC /* Frameworks */,
				CD7C0EF725435FF700CB62DC /* Resources */,
			);
			buildRules = (
			);
			dependencies = (
				CD7C0EFB25435FF700CB62DC /* PBXTargetDependency */,
			);
			name = IconGeekTests;
			productName = IconGeekTests;
			productReference = CD7C0EF925435FF700CB62DC /* IconGeekTests.xctest */;
			productType = "com.apple.product-type.bundle.unit-test";
		};
		CD7C0F0325435FF700CB62DC /* IconGeekUITests */ = {
			isa = PBXNativeTarget;
			buildConfigurationList = CD7C0F1325435FF700CB62DC /* Build configuration list for PBXNativeTarget "IconGeekUITests" */;
			buildPhases = (
				CD7C0F0025435FF700CB62DC /* Sources */,
				CD7C0F0125435FF700CB62DC /* Frameworks */,
				CD7C0F0225435FF700CB62DC /* Resources */,
			);
			buildRules = (
			);
			dependencies = (
				CD7C0F0625435FF700CB62DC /* PBXTargetDependency */,
			);
			name = IconGeekUITests;
			productName = IconGeekUITests;
			productReference = CD7C0F0425435FF700CB62DC /* IconGeekUITests.xctest */;
			productType = "com.apple.product-type.bundle.ui-testing";
		};
/* End PBXNativeTarget section */

/* Begin PBXProject section */
		CD7C0EE025435FF600CB62DC /* Project object */ = {
			isa = PBXProject;
			attributes = {
				LastSwiftUpdateCheck = 1200;
				LastUpgradeCheck = 1200;
				TargetAttributes = {
					CD7C0EE725435FF600CB62DC = {
						CreatedOnToolsVersion = 12.0;
					};
					CD7C0EF825435FF700CB62DC = {
						CreatedOnToolsVersion = 12.0;
						TestTargetID = CD7C0EE725435FF600CB62DC;
					};
					CD7C0F0325435FF700CB62DC = {
						CreatedOnToolsVersion = 12.0;
						TestTargetID = CD7C0EE725435FF600CB62DC;
					};
				};
			};
			buildConfigurationList = CD7C0EE325435FF600CB62DC /* Build configuration list for PBXProject "IconGeek" */;
			compatibilityVersion = "Xcode 9.3";
			developmentRegion = en;
			hasScannedForEncodings = 0;
			knownRegions = (
				en,
				Base,
			);
			mainGroup = CD7C0EDF25435FF600CB62DC;
			packageReferences = (
				CD69E06D254C322400FD8C8C /* XCRemoteSwiftPackageReference "PartialSheet" */,
			);
			productRefGroup = CD7C0EE925435FF600CB62DC /* Products */;
			projectDirPath = "";
			projectRoot = "";
			targets = (
				CD7C0EE725435FF600CB62DC /* IconGeek */,
				CD7C0EF825435FF700CB62DC /* IconGeekTests */,
				CD7C0F0325435FF700CB62DC /* IconGeekUITests */,
			);
		};
/* End PBXProject section */

/* Begin PBXResourcesBuildPhase section */
		CD7C0EE625435FF600CB62DC /* Resources */ = {
			isa = PBXResourcesBuildPhase;
			buildActionMask = 2147483647;
			files = (
				CD7C0EF325435FF700CB62DC /* Preview Assets.xcassets in Resources */,
				CD7C0EF025435FF700CB62DC /* Assets.xcassets in Resources */,
			);
			runOnlyForDeploymentPostprocessing = 0;
		};
		CD7C0EF725435FF700CB62DC /* Resources */ = {
			isa = PBXResourcesBuildPhase;
			buildActionMask = 2147483647;
			files = (
			);
			runOnlyForDeploymentPostprocessing = 0;
		};
		CD7C0F0225435FF700CB62DC /* Resources */ = {
			isa = PBXResourcesBuildPhase;
			buildActionMask = 2147483647;
			files = (
			);
			runOnlyForDeploymentPostprocessing = 0;
		};
/* End PBXResourcesBuildPhase section */

/* Begin PBXShellScriptBuildPhase section */
		1323412BE22E7A27B11A0E71 /* [CP] Check Pods Manifest.lock */ = {
			isa = PBXShellScriptBuildPhase;
			buildActionMask = 2147483647;
			files = (
			);
			inputFileListPaths = (
			);
			inputPaths = (
				"${PODS_PODFILE_DIR_PATH}/Podfile.lock",
				"${PODS_ROOT}/Manifest.lock",
			);
			name = "[CP] Check Pods Manifest.lock";
			outputFileListPaths = (
			);
			outputPaths = (
				"$(DERIVED_FILE_DIR)/Pods-IconGeek-checkManifestLockResult.txt",
			);
			runOnlyForDeploymentPostprocessing = 0;
			shellPath = /bin/sh;
			shellScript = "diff \"${PODS_PODFILE_DIR_PATH}/Podfile.lock\" \"${PODS_ROOT}/Manifest.lock\" > /dev/null\nif [ $? != 0 ] ; then\n    # print error to STDERR\n    echo \"error: The sandbox is not in sync with the Podfile.lock. Run 'pod install' or update your CocoaPods installation.\" >&2\n    exit 1\nfi\n# This output is used by Xcode 'outputs' to avoid re-running this script phase.\necho \"SUCCESS\" > \"${SCRIPT_OUTPUT_FILE_0}\"\n";
			showEnvVarsInLog = 0;
		};
		BCE3DAA9F52EE66CA9B73210 /* [CP] Check Pods Manifest.lock */ = {
			isa = PBXShellScriptBuildPhase;
			buildActionMask = 2147483647;
			files = (
			);
			inputFileListPaths = (
			);
			inputPaths = (
				"${PODS_PODFILE_DIR_PATH}/Podfile.lock",
				"${PODS_ROOT}/Manifest.lock",
			);
			name = "[CP] Check Pods Manifest.lock";
			outputFileListPaths = (
			);
			outputPaths = (
				"$(DERIVED_FILE_DIR)/Pods-IconGeekTests-checkManifestLockResult.txt",
			);
			runOnlyForDeploymentPostprocessing = 0;
			shellPath = /bin/sh;
			shellScript = "diff \"${PODS_PODFILE_DIR_PATH}/Podfile.lock\" \"${PODS_ROOT}/Manifest.lock\" > /dev/null\nif [ $? != 0 ] ; then\n    # print error to STDERR\n    echo \"error: The sandbox is not in sync with the Podfile.lock. Run 'pod install' or update your CocoaPods installation.\" >&2\n    exit 1\nfi\n# This output is used by Xcode 'outputs' to avoid re-running this script phase.\necho \"SUCCESS\" > \"${SCRIPT_OUTPUT_FILE_0}\"\n";
			showEnvVarsInLog = 0;
		};
/* End PBXShellScriptBuildPhase section */

/* Begin PBXSourcesBuildPhase section */
		CD7C0EE425435FF600CB62DC /* Sources */ = {
			isa = PBXSourcesBuildPhase;
			buildActionMask = 2147483647;
			files = (
				CD7C0FCA254820D200CB62DC /* VisualEffectBlur.swift in Sources */,
				CD97858E2552F6BF005D879B /* HelpView.swift in Sources */,
				CD8A7E982548A5400042FC6E /* AppConfig.swift in Sources */,
				CD7C0F9F25472F3900CB62DC /* AppNotifications.swift in Sources */,
				CD69E07B254CBE5400FD8C8C /* OptionsView.swift in Sources */,
				CD7C0F2E25449A7E00CB62DC /* IconSetNameView.swift in Sources */,
				CD7C0F3525449AF500CB62DC /* IconView.swift in Sources */,
				CD9785D025540E37005D879B /* AppModel+Templates.swift in Sources */,
				CD97859825534E3E005D879B /* UnlockPanel.swift in Sources */,
				CD7C0F29254499C600CB62DC /* IconSetView.swift in Sources */,
				CD308BB22551D3FC00F361CD /* CustomizeView.swift in Sources */,
				CD8D027F254AFE7400D47459 /* UnlockButton.swift in Sources */,
				CD7C0EEE25435FF600CB62DC /* ContentView.swift in Sources */,
				CD7C0F4B25461E4900CB62DC /* Icon+SwiftUI.swift in Sources */,
				CD8D0277254ABE5200D47459 /* String+Extension.swift in Sources */,
				CD9785E32554C918005D879B /* SafariBrowserView.swift in Sources */,
				CD9785DB2554C642005D879B /* SafariView.swift in Sources */,
				CD7C0F8925471D0D00CB62DC /* AppModel+MobileConfig.swift in Sources */,
				CD8D02DE254B9A2C00D47459 /* SettingsForm.swift in Sources */,
				CD7C0F202544995F00CB62DC /* DetailView.swift in Sources */,
				CD7C0FA4254737AF00CB62DC /* DownloadConfigView.swift in Sources */,
				CD7C0F3D25449B4200CB62DC /* AppAppearance.swift in Sources */,
				CD7C0F512546C16700CB62DC /* IconSet.swift in Sources */,
				CD7C0F4325461C4600CB62DC /* Icon.swift in Sources */,
				CD8A7EB42548BBF00042FC6E /* AppList.swift in Sources */,
				CD7C0F81254719E200CB62DC /* AppModel.swift in Sources */,
				CD8D0288254B007F00D47459 /* SquishableButtonStyle.swift in Sources */,
				CD8A7EC325499EA70042FC6E /* UIImage+Extension.swift in Sources */,
				CD8D026F254A3B7900D47459 /* Store.swift in Sources */,
				CD7C0EEC25435FF600CB62DC /* IconGeekApp.swift in Sources */,
			);
			runOnlyForDeploymentPostprocessing = 0;
		};
		CD7C0EF525435FF700CB62DC /* Sources */ = {
			isa = PBXSourcesBuildPhase;
			buildActionMask = 2147483647;
			files = (
				CD7C0EFE25435FF700CB62DC /* IconGeekTests.swift in Sources */,
				CD8D01BB2549E8D100D47459 /* AppModelTests.swift in Sources */,
				CD8D01D5254A079E00D47459 /* AppList.swift in Sources */,
				CD8D02AA254B1AEC00D47459 /* Store.swift in Sources */,
				CD8D029E254B1AA500D47459 /* AppAppearance.swift in Sources */,
				CD8D02A6254B1AC100D47459 /* Icon+SwiftUI.swift in Sources */,
				CD9104D0254DBD34006CAA98 /* AppConfig.swift in Sources */,
				CD8A7EA02548A59D0042FC6E /* AppConfigTests.swift in Sources */,
				CD9104CC254DBD25006CAA98 /* AppModel+MobileConfig.swift in Sources */,
				CD9104C8254DBD11006CAA98 /* AppModel.swift in Sources */,
				CD8D01CE254A06E000D47459 /* AppListTests.swift in Sources */,
				CD47CEC825561E920059BA95 /* AppModel+Templates.swift in Sources */,
				CD8D029A254B1A8300D47459 /* IconSet.swift in Sources */,
				CD9104D4254DBD49006CAA98 /* AppNotifications.swift in Sources */,
				CD7C0FD7254823E500CB62DC /* IconTests.swift in Sources */,
				CD8D02A2254B1AAD00D47459 /* Icon.swift in Sources */,
				CD7C0FD2254823D500CB62DC /* IconSetTests.swift in Sources */,
			);
			runOnlyForDeploymentPostprocessing = 0;
		};
		CD7C0F0025435FF700CB62DC /* Sources */ = {
			isa = PBXSourcesBuildPhase;
			buildActionMask = 2147483647;
			files = (
				CD7C0F0925435FF700CB62DC /* IconGeekUITests.swift in Sources */,
			);
			runOnlyForDeploymentPostprocessing = 0;
		};
/* End PBXSourcesBuildPhase section */

/* Begin PBXTargetDependency section */
		CD7C0EFB25435FF700CB62DC /* PBXTargetDependency */ = {
			isa = PBXTargetDependency;
			platformFilter = ios;
			target = CD7C0EE725435FF600CB62DC /* IconGeek */;
			targetProxy = CD7C0EFA25435FF700CB62DC /* PBXContainerItemProxy */;
		};
		CD7C0F0625435FF700CB62DC /* PBXTargetDependency */ = {
			isa = PBXTargetDependency;
			target = CD7C0EE725435FF600CB62DC /* IconGeek */;
			targetProxy = CD7C0F0525435FF700CB62DC /* PBXContainerItemProxy */;
		};
/* End PBXTargetDependency section */

/* Begin XCBuildConfiguration section */
		CD7C0F0B25435FF700CB62DC /* Debug */ = {
			isa = XCBuildConfiguration;
			buildSettings = {
				ALWAYS_SEARCH_USER_PATHS = NO;
				CLANG_ANALYZER_NONNULL = YES;
				CLANG_ANALYZER_NUMBER_OBJECT_CONVERSION = YES_AGGRESSIVE;
				CLANG_CXX_LANGUAGE_STANDARD = "gnu++14";
				CLANG_CXX_LIBRARY = "libc++";
				CLANG_ENABLE_MODULES = YES;
				CLANG_ENABLE_OBJC_ARC = YES;
				CLANG_ENABLE_OBJC_WEAK = YES;
				CLANG_WARN_BLOCK_CAPTURE_AUTORELEASING = YES;
				CLANG_WARN_BOOL_CONVERSION = YES;
				CLANG_WARN_COMMA = YES;
				CLANG_WARN_CONSTANT_CONVERSION = YES;
				CLANG_WARN_DEPRECATED_OBJC_IMPLEMENTATIONS = YES;
				CLANG_WARN_DIRECT_OBJC_ISA_USAGE = YES_ERROR;
				CLANG_WARN_DOCUMENTATION_COMMENTS = YES;
				CLANG_WARN_EMPTY_BODY = YES;
				CLANG_WARN_ENUM_CONVERSION = YES;
				CLANG_WARN_INFINITE_RECURSION = YES;
				CLANG_WARN_INT_CONVERSION = YES;
				CLANG_WARN_NON_LITERAL_NULL_CONVERSION = YES;
				CLANG_WARN_OBJC_IMPLICIT_RETAIN_SELF = YES;
				CLANG_WARN_OBJC_LITERAL_CONVERSION = YES;
				CLANG_WARN_OBJC_ROOT_CLASS = YES_ERROR;
				CLANG_WARN_QUOTED_INCLUDE_IN_FRAMEWORK_HEADER = YES;
				CLANG_WARN_RANGE_LOOP_ANALYSIS = YES;
				CLANG_WARN_STRICT_PROTOTYPES = YES;
				CLANG_WARN_SUSPICIOUS_MOVE = YES;
				CLANG_WARN_UNGUARDED_AVAILABILITY = YES_AGGRESSIVE;
				CLANG_WARN_UNREACHABLE_CODE = YES;
				CLANG_WARN__DUPLICATE_METHOD_MATCH = YES;
				COPY_PHASE_STRIP = NO;
				DEBUG_INFORMATION_FORMAT = dwarf;
				ENABLE_STRICT_OBJC_MSGSEND = YES;
				ENABLE_TESTABILITY = YES;
				GCC_C_LANGUAGE_STANDARD = gnu11;
				GCC_DYNAMIC_NO_PIC = NO;
				GCC_NO_COMMON_BLOCKS = YES;
				GCC_OPTIMIZATION_LEVEL = 0;
				GCC_PREPROCESSOR_DEFINITIONS = (
					"DEBUG=1",
					"$(inherited)",
				);
				GCC_WARN_64_TO_32_BIT_CONVERSION = YES;
				GCC_WARN_ABOUT_RETURN_TYPE = YES_ERROR;
				GCC_WARN_UNDECLARED_SELECTOR = YES;
				GCC_WARN_UNINITIALIZED_AUTOS = YES_AGGRESSIVE;
				GCC_WARN_UNUSED_FUNCTION = YES;
				GCC_WARN_UNUSED_VARIABLE = YES;
				IPHONEOS_DEPLOYMENT_TARGET = 14.0;
				MTL_ENABLE_DEBUG_INFO = INCLUDE_SOURCE;
				MTL_FAST_MATH = YES;
				ONLY_ACTIVE_ARCH = YES;
				SDKROOT = iphoneos;
				SWIFT_ACTIVE_COMPILATION_CONDITIONS = DEBUG;
				SWIFT_OPTIMIZATION_LEVEL = "-Onone";
			};
			name = Debug;
		};
		CD7C0F0C25435FF700CB62DC /* Release */ = {
			isa = XCBuildConfiguration;
			buildSettings = {
				ALWAYS_SEARCH_USER_PATHS = NO;
				CLANG_ANALYZER_NONNULL = YES;
				CLANG_ANALYZER_NUMBER_OBJECT_CONVERSION = YES_AGGRESSIVE;
				CLANG_CXX_LANGUAGE_STANDARD = "gnu++14";
				CLANG_CXX_LIBRARY = "libc++";
				CLANG_ENABLE_MODULES = YES;
				CLANG_ENABLE_OBJC_ARC = YES;
				CLANG_ENABLE_OBJC_WEAK = YES;
				CLANG_WARN_BLOCK_CAPTURE_AUTORELEASING = YES;
				CLANG_WARN_BOOL_CONVERSION = YES;
				CLANG_WARN_COMMA = YES;
				CLANG_WARN_CONSTANT_CONVERSION = YES;
				CLANG_WARN_DEPRECATED_OBJC_IMPLEMENTATIONS = YES;
				CLANG_WARN_DIRECT_OBJC_ISA_USAGE = YES_ERROR;
				CLANG_WARN_DOCUMENTATION_COMMENTS = YES;
				CLANG_WARN_EMPTY_BODY = YES;
				CLANG_WARN_ENUM_CONVERSION = YES;
				CLANG_WARN_INFINITE_RECURSION = YES;
				CLANG_WARN_INT_CONVERSION = YES;
				CLANG_WARN_NON_LITERAL_NULL_CONVERSION = YES;
				CLANG_WARN_OBJC_IMPLICIT_RETAIN_SELF = YES;
				CLANG_WARN_OBJC_LITERAL_CONVERSION = YES;
				CLANG_WARN_OBJC_ROOT_CLASS = YES_ERROR;
				CLANG_WARN_QUOTED_INCLUDE_IN_FRAMEWORK_HEADER = YES;
				CLANG_WARN_RANGE_LOOP_ANALYSIS = YES;
				CLANG_WARN_STRICT_PROTOTYPES = YES;
				CLANG_WARN_SUSPICIOUS_MOVE = YES;
				CLANG_WARN_UNGUARDED_AVAILABILITY = YES_AGGRESSIVE;
				CLANG_WARN_UNREACHABLE_CODE = YES;
				CLANG_WARN__DUPLICATE_METHOD_MATCH = YES;
				COPY_PHASE_STRIP = NO;
				DEBUG_INFORMATION_FORMAT = "dwarf-with-dsym";
				ENABLE_NS_ASSERTIONS = NO;
				ENABLE_STRICT_OBJC_MSGSEND = YES;
				GCC_C_LANGUAGE_STANDARD = gnu11;
				GCC_NO_COMMON_BLOCKS = YES;
				GCC_WARN_64_TO_32_BIT_CONVERSION = YES;
				GCC_WARN_ABOUT_RETURN_TYPE = YES_ERROR;
				GCC_WARN_UNDECLARED_SELECTOR = YES;
				GCC_WARN_UNINITIALIZED_AUTOS = YES_AGGRESSIVE;
				GCC_WARN_UNUSED_FUNCTION = YES;
				GCC_WARN_UNUSED_VARIABLE = YES;
				IPHONEOS_DEPLOYMENT_TARGET = 14.0;
				MTL_ENABLE_DEBUG_INFO = NO;
				MTL_FAST_MATH = YES;
				SDKROOT = iphoneos;
				SWIFT_COMPILATION_MODE = wholemodule;
				SWIFT_OPTIMIZATION_LEVEL = "-O";
				VALIDATE_PRODUCT = YES;
			};
			name = Release;
		};
		CD7C0F0E25435FF700CB62DC /* Debug */ = {
			isa = XCBuildConfiguration;
			baseConfigurationReference = 20EB9E78A08CEB30F635C244 /* Pods-IconGeek.debug.xcconfig */;
			buildSettings = {
				ASSETCATALOG_COMPILER_APPICON_NAME = AppIcon;
				ASSETCATALOG_COMPILER_GLOBAL_ACCENT_COLOR_NAME = AccentColor;
				CODE_SIGN_IDENTITY = "iPhone Developer";
				CODE_SIGN_STYLE = Manual;
				DEVELOPMENT_ASSET_PATHS = "\"IconGeek/Preview Content\"";
				DEVELOPMENT_TEAM = 982NC82DH4;
				ENABLE_PREVIEWS = YES;
				INFOPLIST_FILE = IconGeek/Info.plist;
				IPHONEOS_DEPLOYMENT_TARGET = 14.0;
				LD_RUNPATH_SEARCH_PATHS = (
					"$(inherited)",
					"@executable_path/Frameworks",
				);
				PRODUCT_BUNDLE_IDENTIFIER = app.icongeek;
				PRODUCT_NAME = "$(TARGET_NAME)";
				PROVISIONING_PROFILE_SPECIFIER = "Icon Geek Development";
				SWIFT_VERSION = 5.0;
				TARGETED_DEVICE_FAMILY = 1;
			};
			name = Debug;
		};
		CD7C0F0F25435FF700CB62DC /* Release */ = {
			isa = XCBuildConfiguration;
			baseConfigurationReference = 64D9C242C61AF30C7A7C4B62 /* Pods-IconGeek.release.xcconfig */;
			buildSettings = {
				ASSETCATALOG_COMPILER_APPICON_NAME = AppIcon;
				ASSETCATALOG_COMPILER_GLOBAL_ACCENT_COLOR_NAME = AccentColor;
				CODE_SIGN_IDENTITY = "iPhone Distribution";
				CODE_SIGN_STYLE = Manual;
				DEVELOPMENT_ASSET_PATHS = "\"IconGeek/Preview Content\"";
				DEVELOPMENT_TEAM = 982NC82DH4;
				ENABLE_PREVIEWS = YES;
				INFOPLIST_FILE = IconGeek/Info.plist;
				IPHONEOS_DEPLOYMENT_TARGET = 14.0;
				LD_RUNPATH_SEARCH_PATHS = (
					"$(inherited)",
					"@executable_path/Frameworks",
				);
				PRODUCT_BUNDLE_IDENTIFIER = app.icongeek;
				PRODUCT_NAME = "$(TARGET_NAME)";
				PROVISIONING_PROFILE_SPECIFIER = "Icon Geek Distribution";
				SWIFT_VERSION = 5.0;
				TARGETED_DEVICE_FAMILY = 1;
			};
			name = Release;
		};
		CD7C0F1125435FF700CB62DC /* Debug */ = {
			isa = XCBuildConfiguration;
			baseConfigurationReference = 7A967909B7C9EF63A8D2ECC0 /* Pods-IconGeekTests.debug.xcconfig */;
			buildSettings = {
				ALWAYS_EMBED_SWIFT_STANDARD_LIBRARIES = YES;
				BUNDLE_LOADER = "$(TEST_HOST)";
				CODE_SIGN_STYLE = Automatic;
				DEVELOPMENT_TEAM = NY4WQPDWDV;
				INFOPLIST_FILE = IconGeekTests/Info.plist;
				IPHONEOS_DEPLOYMENT_TARGET = 14.0;
				LD_RUNPATH_SEARCH_PATHS = (
					"$(inherited)",
					"@executable_path/Frameworks",
					"@loader_path/Frameworks",
				);
				PRODUCT_BUNDLE_IDENTIFIER = com.brainflash.IconGeekTests;
				PRODUCT_NAME = "$(TARGET_NAME)";
				SWIFT_VERSION = 5.0;
				TARGETED_DEVICE_FAMILY = "1,2";
				TEST_HOST = "$(BUILT_PRODUCTS_DIR)/IconGeek.app/IconGeek";
			};
			name = Debug;
		};
		CD7C0F1225435FF700CB62DC /* Release */ = {
			isa = XCBuildConfiguration;
			baseConfigurationReference = 1E525A8650D4A29BE52997AA /* Pods-IconGeekTests.release.xcconfig */;
			buildSettings = {
				ALWAYS_EMBED_SWIFT_STANDARD_LIBRARIES = YES;
				BUNDLE_LOADER = "$(TEST_HOST)";
				CODE_SIGN_STYLE = Automatic;
				DEVELOPMENT_TEAM = NY4WQPDWDV;
				INFOPLIST_FILE = IconGeekTests/Info.plist;
				IPHONEOS_DEPLOYMENT_TARGET = 14.0;
				LD_RUNPATH_SEARCH_PATHS = (
					"$(inherited)",
					"@executable_path/Frameworks",
					"@loader_path/Frameworks",
				);
				PRODUCT_BUNDLE_IDENTIFIER = com.brainflash.IconGeekTests;
				PRODUCT_NAME = "$(TARGET_NAME)";
				SWIFT_VERSION = 5.0;
				TARGETED_DEVICE_FAMILY = "1,2";
				TEST_HOST = "$(BUILT_PRODUCTS_DIR)/IconGeek.app/IconGeek";
			};
			name = Release;
		};
		CD7C0F1425435FF700CB62DC /* Debug */ = {
			isa = XCBuildConfiguration;
			buildSettings = {
				ALWAYS_EMBED_SWIFT_STANDARD_LIBRARIES = YES;
				CODE_SIGN_STYLE = Automatic;
				DEVELOPMENT_TEAM = NY4WQPDWDV;
				INFOPLIST_FILE = IconGeekUITests/Info.plist;
				LD_RUNPATH_SEARCH_PATHS = (
					"$(inherited)",
					"@executable_path/Frameworks",
					"@loader_path/Frameworks",
				);
				PRODUCT_BUNDLE_IDENTIFIER = com.brainflash.IconGeekUITests;
				PRODUCT_NAME = "$(TARGET_NAME)";
				SWIFT_VERSION = 5.0;
				TARGETED_DEVICE_FAMILY = "1,2";
				TEST_TARGET_NAME = IconGeek;
			};
			name = Debug;
		};
		CD7C0F1525435FF700CB62DC /* Release */ = {
			isa = XCBuildConfiguration;
			buildSettings = {
				ALWAYS_EMBED_SWIFT_STANDARD_LIBRARIES = YES;
				CODE_SIGN_STYLE = Automatic;
				DEVELOPMENT_TEAM = NY4WQPDWDV;
				INFOPLIST_FILE = IconGeekUITests/Info.plist;
				LD_RUNPATH_SEARCH_PATHS = (
					"$(inherited)",
					"@executable_path/Frameworks",
					"@loader_path/Frameworks",
				);
				PRODUCT_BUNDLE_IDENTIFIER = com.brainflash.IconGeekUITests;
				PRODUCT_NAME = "$(TARGET_NAME)";
				SWIFT_VERSION = 5.0;
				TARGETED_DEVICE_FAMILY = "1,2";
				TEST_TARGET_NAME = IconGeek;
			};
			name = Release;
		};
/* End XCBuildConfiguration section */

/* Begin XCConfigurationList section */
		CD7C0EE325435FF600CB62DC /* Build configuration list for PBXProject "IconGeek" */ = {
			isa = XCConfigurationList;
			buildConfigurations = (
				CD7C0F0B25435FF700CB62DC /* Debug */,
				CD7C0F0C25435FF700CB62DC /* Release */,
			);
			defaultConfigurationIsVisible = 0;
			defaultConfigurationName = Release;
		};
		CD7C0F0D25435FF700CB62DC /* Build configuration list for PBXNativeTarget "IconGeek" */ = {
			isa = XCConfigurationList;
			buildConfigurations = (
				CD7C0F0E25435FF700CB62DC /* Debug */,
				CD7C0F0F25435FF700CB62DC /* Release */,
			);
			defaultConfigurationIsVisible = 0;
			defaultConfigurationName = Release;
		};
		CD7C0F1025435FF700CB62DC /* Build configuration list for PBXNativeTarget "IconGeekTests" */ = {
			isa = XCConfigurationList;
			buildConfigurations = (
				CD7C0F1125435FF700CB62DC /* Debug */,
				CD7C0F1225435FF700CB62DC /* Release */,
			);
			defaultConfigurationIsVisible = 0;
			defaultConfigurationName = Release;
		};
		CD7C0F1325435FF700CB62DC /* Build configuration list for PBXNativeTarget "IconGeekUITests" */ = {
			isa = XCConfigurationList;
			buildConfigurations = (
				CD7C0F1425435FF700CB62DC /* Debug */,
				CD7C0F1525435FF700CB62DC /* Release */,
			);
			defaultConfigurationIsVisible = 0;
			defaultConfigurationName = Release;
		};
/* End XCConfigurationList section */

/* Begin XCRemoteSwiftPackageReference section */
		CD69E06D254C322400FD8C8C /* XCRemoteSwiftPackageReference "PartialSheet" */ = {
			isa = XCRemoteSwiftPackageReference;
			repositoryURL = "https://github.com/AndreaMiotto/PartialSheet.git";
			requirement = {
				kind = upToNextMajorVersion;
				minimumVersion = 2.1.11;
			};
		};
/* End XCRemoteSwiftPackageReference section */

/* Begin XCSwiftPackageProductDependency section */
		CD69E06E254C322400FD8C8C /* PartialSheet */ = {
			isa = XCSwiftPackageProductDependency;
			package = CD69E06D254C322400FD8C8C /* XCRemoteSwiftPackageReference "PartialSheet" */;
			productName = PartialSheet;
		};
/* End XCSwiftPackageProductDependency section */
	};
	rootObject = CD7C0EE025435FF600CB62DC /* Project object */;
}
